
Microsoft Visual Studio Solution File, Format Version 12.00
# Visual Studio Version 17
VisualStudioVersion = 17.12.35527.113
MinimumVisualStudioVersion = 10.0.40219.1
Project("{FAE04EC0-301F-11D3-BF4B-00C04F79EFBC}") = "VENative.Blazor.ServiceGenerator", "VENative.Blazor.ServiceGenerator\VENative.Blazor.ServiceGenerator.csproj", "{368AA3FD-A4FD-4E92-98FA-1DAEE188E1C8}"
EndProject
Project("{FAE04EC0-301F-11D3-BF4B-00C04F79EFBC}") = "VENative.Blazor.ServiceGenerator.Attributes", "VENative.Blazor.ServiceGenerator.Attributes\VENative.Blazor.ServiceGenerator.Attributes.csproj", "{D05133BA-5EFC-4279-9EC8-04C5E18D3CB3}"
EndProject
Project("{FAE04EC0-301F-11D3-BF4B-00C04F79EFBC}") = "VENative.Blazor.ServiceGenerator.Tests", "VENative.Blazor.ServiceGenerator.Tests\VENative.Blazor.ServiceGenerator.Tests.csproj", "{31F156E5-A64F-46EE-AE42-F037DCB0D823}"
EndProject
Project("{FAE04EC0-301F-11D3-BF4B-00C04F79EFBC}") = "VENative.Blazor.ServiceGenerator.Extensions", "VENative.Blazor.ServiceGenerator.Extensions\VENative.Blazor.ServiceGenerator.Extensions.csproj", "{76BEC336-9FA6-4181-B201-3AAF7478E5FA}"
EndProject
Project("{FAE04EC0-301F-11D3-BF4B-00C04F79EFBC}") = "VENative.Blazor.ServiceGenerator.Examples", "VENative.Blazor.ServiceGenerator.Examples\VENative.Blazor.ServiceGenerator.Examples\VENative.Blazor.ServiceGenerator.Examples.csproj", "{24F165DB-0787-4517-8756-9E993B6C9A60}"
EndProject
Project("{FAE04EC0-301F-11D3-BF4B-00C04F79EFBC}") = "VENative.Blazor.ServiceGenerator.Examples.Client", "VENative.Blazor.ServiceGenerator.Examples\VENative.Blazor.ServiceGenerator.Examples.Client\VENative.Blazor.ServiceGenerator.Examples.Client.csproj", "{8CACB457-5C56-43F7-B33F-30297125704B}"
EndProject
Project("{2150E333-8FDC-42A3-9474-1A3956D46DE8}") = "Examples", "Examples", "{9598FCCB-BA10-4A42-8A07-71FA6DE2A51F}"
EndProject
Project("{FAE04EC0-301F-11D3-BF4B-00C04F79EFBC}") = "VENative.Blazor.ServiceGenerator.Extensions.BlazorWebAssembly", "VENative.Blazor.ServiceGenerator.Extensions.BlazorWebAssembly\VENative.Blazor.ServiceGenerator.Extensions.BlazorWebAssembly.csproj", "{4E732ACA-AE90-4F28-9FC6-DFE0AD0B1361}"
EndProject
Global
	GlobalSection(SolutionConfigurationPlatforms) = preSolution
		Debug|Any CPU = Debug|Any CPU
		Release|Any CPU = Release|Any CPU
	EndGlobalSection
	GlobalSection(ProjectConfigurationPlatforms) = postSolution
		{368AA3FD-A4FD-4E92-98FA-1DAEE188E1C8}.Debug|Any CPU.ActiveCfg = Debug|Any CPU
		{368AA3FD-A4FD-4E92-98FA-1DAEE188E1C8}.Debug|Any CPU.Build.0 = Debug|Any CPU
		{368AA3FD-A4FD-4E92-98FA-1DAEE188E1C8}.Release|Any CPU.ActiveCfg = Release|Any CPU
		{368AA3FD-A4FD-4E92-98FA-1DAEE188E1C8}.Release|Any CPU.Build.0 = Release|Any CPU
		{D05133BA-5EFC-4279-9EC8-04C5E18D3CB3}.Debug|Any CPU.ActiveCfg = Debug|Any CPU
		{D05133BA-5EFC-4279-9EC8-04C5E18D3CB3}.Debug|Any CPU.Build.0 = Debug|Any CPU
		{D05133BA-5EFC-4279-9EC8-04C5E18D3CB3}.Release|Any CPU.ActiveCfg = Release|Any CPU
		{D05133BA-5EFC-4279-9EC8-04C5E18D3CB3}.Release|Any CPU.Build.0 = Release|Any CPU
		{31F156E5-A64F-46EE-AE42-F037DCB0D823}.Debug|Any CPU.ActiveCfg = Debug|Any CPU
		{31F156E5-A64F-46EE-AE42-F037DCB0D823}.Debug|Any CPU.Build.0 = Debug|Any CPU
		{31F156E5-A64F-46EE-AE42-F037DCB0D823}.Release|Any CPU.ActiveCfg = Release|Any CPU
		{31F156E5-A64F-46EE-AE42-F037DCB0D823}.Release|Any CPU.Build.0 = Release|Any CPU
		{76BEC336-9FA6-4181-B201-3AAF7478E5FA}.Debug|Any CPU.ActiveCfg = Debug|Any CPU
		{76BEC336-9FA6-4181-B201-3AAF7478E5FA}.Debug|Any CPU.Build.0 = Debug|Any CPU
		{76BEC336-9FA6-4181-B201-3AAF7478E5FA}.Release|Any CPU.ActiveCfg = Release|Any CPU
		{76BEC336-9FA6-4181-B201-3AAF7478E5FA}.Release|Any CPU.Build.0 = Release|Any CPU
		{24F165DB-0787-4517-8756-9E993B6C9A60}.Debug|Any CPU.ActiveCfg = Debug|Any CPU
		{24F165DB-0787-4517-8756-9E993B6C9A60}.Debug|Any CPU.Build.0 = Debug|Any CPU
		{24F165DB-0787-4517-8756-9E993B6C9A60}.Release|Any CPU.ActiveCfg = Release|Any CPU
		{24F165DB-0787-4517-8756-9E993B6C9A60}.Release|Any CPU.Build.0 = Release|Any CPU
		{8CACB457-5C56-43F7-B33F-30297125704B}.Debug|Any CPU.ActiveCfg = Debug|Any CPU
		{8CACB457-5C56-43F7-B33F-30297125704B}.Debug|Any CPU.Build.0 = Debug|Any CPU
		{8CACB457-5C56-43F7-B33F-30297125704B}.Release|Any CPU.ActiveCfg = Release|Any CPU
		{8CACB457-5C56-43F7-B33F-30297125704B}.Release|Any CPU.Build.0 = Release|Any CPU
		{4E732ACA-AE90-4F28-9FC6-DFE0AD0B1361}.Debug|Any CPU.ActiveCfg = Debug|Any CPU
		{4E732ACA-AE90-4F28-9FC6-DFE0AD0B1361}.Debug|Any CPU.Build.0 = Debug|Any CPU
		{4E732ACA-AE90-4F28-9FC6-DFE0AD0B1361}.Release|Any CPU.ActiveCfg = Release|Any CPU
		{4E732ACA-AE90-4F28-9FC6-DFE0AD0B1361}.Release|Any CPU.Build.0 = Release|Any CPU
	EndGlobalSection
	GlobalSection(SolutionProperties) = preSolution
		HideSolutionNode = FALSE
	EndGlobalSection
	GlobalSection(NestedProjects) = preSolution
		{24F165DB-0787-4517-8756-9E993B6C9A60} = {9598FCCB-BA10-4A42-8A07-71FA6DE2A51F}
		{8CACB457-5C56-43F7-B33F-30297125704B} = {9598FCCB-BA10-4A42-8A07-71FA6DE2A51F}
	EndGlobalSection
EndGlobal
